{
  "originHash" : "31f691fa1376c2f5a3404bdf344dced699b0255b7ba1439d7220d96f19eeb57f",
  "pins" : [
    {
      "identity" : "sentry-cocoa",
      "kind" : "remoteSourceControl",
      "location" : "https://github.com/getsentry/sentry-cocoa",
      "state" : {
        "revision" : "54d5fbcdea46c37a5de01bab5fef48dc78baec84",
        "version" : "9.12.1"
      }
    }
  ],
  "version" : 3
}
