// !$*UTF8*$!
{
	archiveVersion = 1;
	classes = {
	};
	objectVersion = 60;
	objects = {

/* Begin PBXBuildFile section */
		3036AA4850DF27DC6019D997 /* PrivacyInfo.xcprivacy in Resources */ = {isa = PBXBuildFile; fileRef = 77263B69430D40067A043AE0 /* PrivacyInfo.xcprivacy */; };
		96A0197E2F7D031400C09EBE /* BuildFile in Frameworks */ = {isa = PBXBuildFile; };
		96A0197F2F7D031400C09EBE /* CLIPulseCore in Frameworks */ = {isa = PBXBuildFile; productRef = PKG00006 /* CLIPulseCore */; };
		A10001 /* CLIPulseBarApp.swift in Sources */ = {isa = PBXBuildFile; fileRef = B10001 /* CLIPulseBarApp.swift */; };
		A10006 /* MenuBarView.swift in Sources */ = {isa = PBXBuildFile; fileRef = B10006 /* MenuBarView.swift */; };
		A10007 /* OverviewTab.swift in Sources */ = {isa = PBXBuildFile; fileRef = B10007 /* OverviewTab.swift */; };
		A10008 /* ProvidersTab.swift in Sources */ = {isa = PBXBuildFile; fileRef = B10008 /* ProvidersTab.swift */; };
		A10009 /* SessionsTab.swift in Sources */ = {isa = PBXBuildFile; fileRef = B10009 /* SessionsTab.swift */; };
		A10072 /* SwarmTab.swift in Sources */ = {isa = PBXBuildFile; fileRef = B10072 /* SwarmTab.swift */; };
		A10010 /* AlertsTab.swift in Sources */ = {isa = PBXBuildFile; fileRef = B10010 /* AlertsTab.swift */; };
		A10011 /* SettingsTab.swift in Sources */ = {isa = PBXBuildFile; fileRef = B10011 /* SettingsTab.swift */; };
		A10012 /* Assets.xcassets in Resources */ = {isa = PBXBuildFile; fileRef = B10012 /* Assets.xcassets */; };
		A10020 /* ProviderConfigEditor.swift in Sources */ = {isa = PBXBuildFile; fileRef = B10020 /* ProviderConfigEditor.swift */; };
		A10021 /* NoAutoFillFields.swift in Sources */ = {isa = PBXBuildFile; fileRef = B10021 /* NoAutoFillFields.swift */; };
		A10041 /* DangerZoneSection.swift in Sources */ = {isa = PBXBuildFile; fileRef = B10041 /* DangerZoneSection.swift */; };
		A10042 /* AccountCardView.swift in Sources */ = {isa = PBXBuildFile; fileRef = B10042 /* AccountCardView.swift */; };
		A10043 /* HowItWorksCard.swift in Sources */ = {isa = PBXBuildFile; fileRef = B10043 /* HowItWorksCard.swift */; };
		A10044 /* SubscriptionSection.swift in Sources */ = {isa = PBXBuildFile; fileRef = B10044 /* SubscriptionSection.swift */; };
		A10045 /* PairingSection.swift in Sources */ = {isa = PBXBuildFile; fileRef = B10045 /* PairingSection.swift */; };
		A10046 /* GeneralSection.swift in Sources */ = {isa = PBXBuildFile; fileRef = B10046 /* GeneralSection.swift */; };
		A10047 /* DisplaySection.swift in Sources */ = {isa = PBXBuildFile; fileRef = B10047 /* DisplaySection.swift */; };
		A10048 /* ProviderSettingsSection.swift in Sources */ = {isa = PBXBuildFile; fileRef = B10048 /* ProviderSettingsSection.swift */; };
		A10049 /* AdvancedSection.swift in Sources */ = {isa = PBXBuildFile; fileRef = B10049 /* AdvancedSection.swift */; };
		A10050 /* RemoteApprovalsSheet.swift in Sources */ = {isa = PBXBuildFile; fileRef = B10050 /* RemoteApprovalsSheet.swift */; };
		A10051 /* LocalModeGuideCard.swift in Sources */ = {isa = PBXBuildFile; fileRef = B10051 /* LocalModeGuideCard.swift */; };
		A10052 /* WelcomeModeChoice.swift in Sources */ = {isa = PBXBuildFile; fileRef = B10052 /* WelcomeModeChoice.swift */; };
		A10100 /* AgentDiscoveryStepView.swift in Sources */ = {isa = PBXBuildFile; fileRef = B10100 /* AgentDiscoveryStepView.swift */; };
		A10101 /* ProviderAccountSetupCard.swift in Sources */ = {isa = PBXBuildFile; fileRef = B10101 /* ProviderAccountSetupCard.swift */; };
		A10060 /* cli_pulse_helper in Embed Helper Binary */ = {isa = PBXBuildFile; fileRef = B10060 /* cli_pulse_helper */; settings = {ATTRIBUTES = (CodeSignOnCopy, ); }; };
		A10062 /* yyh.CLI-Pulse.helper.agent.plist in Embed Helper LaunchAgent */ = {isa = PBXBuildFile; fileRef = B10062 /* yyh.CLI-Pulse.helper.agent.plist */; };
		A10099 /* YieldScoreCard.swift in Sources */ = {isa = PBXBuildFile; fileRef = B10099 /* YieldScoreCard.swift */; };
		A20001 /* CLIPulseApp_iOS.swift in Sources */ = {isa = PBXBuildFile; fileRef = B20001 /* CLIPulseApp_iOS.swift */; };
		A20006 /* iOSMainView.swift in Sources */ = {isa = PBXBuildFile; fileRef = B20002 /* iOSMainView.swift */; };
		A20007 /* iOSLoginView.swift in Sources */ = {isa = PBXBuildFile; fileRef = B20003 /* iOSLoginView.swift */; };
		A20008 /* iOSOverviewTab.swift in Sources */ = {isa = PBXBuildFile; fileRef = B20004 /* iOSOverviewTab.swift */; };
		A20009 /* iOSProvidersTab.swift in Sources */ = {isa = PBXBuildFile; fileRef = B20005 /* iOSProvidersTab.swift */; };
		A20010 /* iOSSessionsTab.swift in Sources */ = {isa = PBXBuildFile; fileRef = B20006 /* iOSSessionsTab.swift */; };
		A20025 /* iOSSwarmTab.swift in Sources */ = {isa = PBXBuildFile; fileRef = B20025 /* iOSSwarmTab.swift */; };
		A20026 /* SwarmLiveActivityController.swift in Sources */ = {isa = PBXBuildFile; fileRef = B20026 /* SwarmLiveActivityController.swift */; };
		A20011 /* iOSAlertsTab.swift in Sources */ = {isa = PBXBuildFile; fileRef = B20007 /* iOSAlertsTab.swift */; };
		A20012 /* iOSSettingsTab.swift in Sources */ = {isa = PBXBuildFile; fileRef = B20008 /* iOSSettingsTab.swift */; };
		A20013 /* Assets.xcassets in Resources */ = {isa = PBXBuildFile; fileRef = B20009 /* Assets.xcassets */; };
		A20014 /* iOSRemoteApprovalsView.swift in Sources */ = {isa = PBXBuildFile; fileRef = B20012 /* iOSRemoteApprovalsView.swift */; };
		A20016 /* iOSMachineView.swift in Sources */ = {isa = PBXBuildFile; fileRef = B20014 /* iOSMachineView.swift */; };
		A20030 /* iOSUsageHeatmapView.swift in Sources */ = {isa = PBXBuildFile; fileRef = B20030 /* iOSUsageHeatmapView.swift */; };
		A20015 /* iOSAppDelegate.swift in Sources */ = {isa = PBXBuildFile; fileRef = B20013 /* iOSAppDelegate.swift */; };
		A20020 /* CLIPulseIntentCache.swift in Sources */ = {isa = PBXBuildFile; fileRef = B20020 /* CLIPulseIntentCache.swift */; };
		A20021 /* GetStatusIntent.swift in Sources */ = {isa = PBXBuildFile; fileRef = B20021 /* GetStatusIntent.swift */; };
		A20022 /* GetProviderQuotaIntent.swift in Sources */ = {isa = PBXBuildFile; fileRef = B20022 /* GetProviderQuotaIntent.swift */; };
		A20023 /* RefreshWidgetIntent.swift in Sources */ = {isa = PBXBuildFile; fileRef = B20023 /* RefreshWidgetIntent.swift */; };
		A20024 /* CLIPulseShortcuts.swift in Sources */ = {isa = PBXBuildFile; fileRef = B20024 /* CLIPulseShortcuts.swift */; };
		A30001 /* CLIPulseApp_Watch.swift in Sources */ = {isa = PBXBuildFile; fileRef = B30001 /* CLIPulseApp_Watch.swift */; };
		A30002 /* WatchMainView.swift in Sources */ = {isa = PBXBuildFile; fileRef = B30002 /* WatchMainView.swift */; };
		A30003 /* WatchLoginView.swift in Sources */ = {isa = PBXBuildFile; fileRef = B30003 /* WatchLoginView.swift */; };
		A30031 /* WatchComponents.swift in Sources */ = {isa = PBXBuildFile; fileRef = B30031 /* WatchComponents.swift */; };
		A30032 /* PulseHomeView.swift in Sources */ = {isa = PBXBuildFile; fileRef = B30032 /* PulseHomeView.swift */; };
		A30033 /* QuotaRingsView.swift in Sources */ = {isa = PBXBuildFile; fileRef = B30033 /* QuotaRingsView.swift */; };
		A30006 /* WatchSessionsView.swift in Sources */ = {isa = PBXBuildFile; fileRef = B30006 /* WatchSessionsView.swift */; };
		A30007 /* WatchAlertsView.swift in Sources */ = {isa = PBXBuildFile; fileRef = B30007 /* WatchAlertsView.swift */; };
		A30008 /* Assets.xcassets in Resources */ = {isa = PBXBuildFile; fileRef = B30008 /* Assets.xcassets */; };
		A30009 /* WatchSessionManager.swift in Sources */ = {isa = PBXBuildFile; fileRef = B30011 /* WatchSessionManager.swift */; };
		A30040 /* WatchMachineCard.swift in Sources */ = {isa = PBXBuildFile; fileRef = B30040 /* WatchMachineCard.swift */; };
		A30020 /* WatchAppState.swift in Sources */ = {isa = PBXBuildFile; fileRef = B30020 /* WatchAppState.swift */; };
		A30030 /* WatchTheme.swift in Sources */ = {isa = PBXBuildFile; fileRef = B30030 /* WatchTheme.swift */; };
		A30021 /* PhoneSessionManager.swift in Sources */ = {isa = PBXBuildFile; fileRef = B30021 /* PhoneSessionManager.swift */; };
		A30022 /* OnboardingWizardView.swift in Sources */ = {isa = PBXBuildFile; fileRef = B30022 /* OnboardingWizardView.swift */; };
		A30023 /* WatchComplicationWidget.swift in Sources */ = {isa = PBXBuildFile; fileRef = B30023 /* WatchComplicationWidget.swift */; };
		A30024 /* TeamView.swift in Sources */ = {isa = PBXBuildFile; fileRef = B30024 /* TeamView.swift */; };
		A30025 /* TeamView.swift in Sources */ = {isa = PBXBuildFile; fileRef = B30024 /* TeamView.swift */; };
		A40001 /* CLIPulseWidgets.swift in Sources */ = {isa = PBXBuildFile; fileRef = B40001 /* CLIPulseWidgets.swift */; };
		A40002 /* WidgetDataProvider.swift in Sources */ = {isa = PBXBuildFile; fileRef = B40002 /* WidgetDataProvider.swift */; };
		A40003 /* UsageOverviewWidget.swift in Sources */ = {isa = PBXBuildFile; fileRef = B40003 /* UsageOverviewWidget.swift */; };
		A40004 /* ProviderUsageWidget.swift in Sources */ = {isa = PBXBuildFile; fileRef = B40004 /* ProviderUsageWidget.swift */; };
		A40005 /* LockScreenWidget.swift in Sources */ = {isa = PBXBuildFile; fileRef = B40005 /* LockScreenWidget.swift */; };
		A40030 /* SwarmLiveActivity.swift in Sources */ = {isa = PBXBuildFile; fileRef = B40030 /* SwarmLiveActivity.swift */; };
		A40006 /* WidgetTheme.swift in Sources */ = {isa = PBXBuildFile; fileRef = B40006 /* WidgetTheme.swift */; };
		A40007 /* Assets.xcassets in Resources */ = {isa = PBXBuildFile; fileRef = B40007 /* Assets.xcassets */; };
		A40010 /* CLI Pulse Widgets.appex in Embed Foundation Extensions */ = {isa = PBXBuildFile; fileRef = C40001 /* CLI Pulse Widgets.appex */; settings = {ATTRIBUTES = (RemoveHeadersOnCopy, ); }; };
		A40020 /* CLIPulseIntentCache.swift in Sources */ = {isa = PBXBuildFile; fileRef = B20020 /* CLIPulseIntentCache.swift */; };
		A40023 /* RefreshWidgetIntent.swift in Sources */ = {isa = PBXBuildFile; fileRef = B20023 /* RefreshWidgetIntent.swift */; };
		A50001 /* CLI Pulse Watch.app in Embed Watch Content */ = {isa = PBXBuildFile; fileRef = C30001 /* CLI Pulse Watch.app */; settings = {ATTRIBUTES = (RemoveHeadersOnCopy, ); }; };
		A60001 /* CLIPulseHelperApp.swift in Sources */ = {isa = PBXBuildFile; fileRef = B60001 /* CLIPulseHelperApp.swift */; };
		A60002 /* HelperAppDelegate.swift in Sources */ = {isa = PBXBuildFile; fileRef = B60002 /* HelperAppDelegate.swift */; };
		A60003 /* HelperDaemon.swift in Sources */ = {isa = PBXBuildFile; fileRef = B60003 /* HelperDaemon.swift */; };
		A60010 /* CLIPulseHelper.app in Embed Login Items */ = {isa = PBXBuildFile; fileRef = C60001 /* CLIPulseHelper.app */; settings = {ATTRIBUTES = (RemoveHeadersOnCopy, ); }; };
		A60011 /* CompanionCLISection.swift in Sources */ = {isa = PBXBuildFile; fileRef = B60006 /* CompanionCLISection.swift */; };
		AB57EF3A2A0B909CCB5C66D1 /* PrivacyInfo.xcprivacy in Resources */ = {isa = PBXBuildFile; fileRef = 919F5D02538C32B6FAB601DB /* PrivacyInfo.xcprivacy */; };
		B18429BE19305EFBF4EA2BE9 /* PrivacySettingsSection.swift in Sources */ = {isa = PBXBuildFile; fileRef = 2D7578D231149D6491E5BCD7 /* PrivacySettingsSection.swift */; };
		CE9C5A560EFC6CC22716D4CD /* AppUpdaterSection.swift in Sources */ = {isa = PBXBuildFile; fileRef = C420EAEAF8AC7DB112700AF8 /* AppUpdaterSection.swift */; };
		E63FBDBE21C6066701023522 /* PrivacyInfo.xcprivacy in Resources */ = {isa = PBXBuildFile; fileRef = A87404BA11DA4150BF4E2CFC /* PrivacyInfo.xcprivacy */; };
		PKG00004 /* CLIPulseCore in Frameworks */ = {isa = PBXBuildFile; productRef = PKG00002 /* CLIPulseCore */; };
		PKG00005 /* CLIPulseCore in Frameworks */ = {isa = PBXBuildFile; productRef = PKG00003 /* CLIPulseCore */; };
		PKG00007 /* CLIPulseCore in Frameworks */ = {isa = PBXBuildFile; productRef = PKG00006 /* CLIPulseCore */; };
		PKG00008 /* CLIPulseCore in Frameworks */ = {isa = PBXBuildFile; productRef = PKG00009 /* CLIPulseCore */; };
/* End PBXBuildFile section */

/* Begin PBXContainerItemProxy section */
		P40001 /* PBXContainerItemProxy */ = {
			isa = PBXContainerItemProxy;
			containerPortal = H10001 /* Project object */;
			proxyType = 1;
			remoteGlobalIDString = F40001;
			remoteInfo = "CLI Pulse Widgets";
		};
		P50001 /* PBXContainerItemProxy */ = {
			isa = PBXContainerItemProxy;
			containerPortal = H10001 /* Project object */;
			proxyType = 1;
			remoteGlobalIDString = F30001;
			remoteInfo = "CLI Pulse Watch";
		};
		P60001 /* PBXContainerItemProxy */ = {
			isa = PBXContainerItemProxy;
			containerPortal = H10001 /* Project object */;
			proxyType = 1;
			remoteGlobalIDString = F60001;
			remoteInfo = CLIPulseHelper;
		};
/* End PBXContainerItemProxy section */

/* Begin PBXCopyFilesBuildPhase section */
		CP10001 /* Embed Helper Binary */ = {
			isa = PBXCopyFilesBuildPhase;
			buildActionMask = 2147483647;
			dstPath = "$(CONTENTS_FOLDER_PATH)/Helpers";
			dstSubfolderSpec = 16;
			files = (
				A10060 /* cli_pulse_helper in Embed Helper Binary */,
			);
			name = "Embed Helper Binary";
			runOnlyForDeploymentPostprocessing = 0;
		};
		CP10002 /* Embed Helper LaunchAgent */ = {
			isa = PBXCopyFilesBuildPhase;
			buildActionMask = 2147483647;
			dstPath = "$(CONTENTS_FOLDER_PATH)/Library/LaunchAgents";
			dstSubfolderSpec = 16;
			files = (
				A10062 /* yyh.CLI-Pulse.helper.agent.plist in Embed Helper LaunchAgent */,
			);
			name = "Embed Helper LaunchAgent";
			runOnlyForDeploymentPostprocessing = 0;
		};
		CP40001 /* Embed Foundation Extensions */ = {
			isa = PBXCopyFilesBuildPhase;
			buildActionMask = 2147483647;
			dstPath = "";
			dstSubfolderSpec = 13;
			files = (
				A40010 /* CLI Pulse Widgets.appex in Embed Foundation Extensions */,
			);
			name = "Embed Foundation Extensions";
			runOnlyForDeploymentPostprocessing = 0;
		};
		CP50001 /* Embed Watch Content */ = {
			isa = PBXCopyFilesBuildPhase;
			buildActionMask = 2147483647;
			dstPath = "$(CONTENTS_FOLDER_PATH)/Watch";
			dstSubfolderSpec = 16;
			files = (
				A50001 /* CLI Pulse Watch.app in Embed Watch Content */,
			);
			name = "Embed Watch Content";
			runOnlyForDeploymentPostprocessing = 0;
		};
		CP60001 /* Embed Login Items */ = {
			isa = PBXCopyFilesBuildPhase;
			buildActionMask = 2147483647;
			dstPath = "$(CONTENTS_FOLDER_PATH)/Library/LoginItems";
			dstSubfolderSpec = 16;
			files = (
				A60010 /* CLIPulseHelper.app in Embed Login Items */,
			);
			name = "Embed Login Items";
			runOnlyForDeploymentPostprocessing = 0;
		};
/* End PBXCopyFilesBuildPhase section */

/* Begin PBXFileReference section */
		2D7578D231149D6491E5BCD7 /* PrivacySettingsSection.swift */ = {isa = PBXFileReference; includeInIndex = 1; lastKnownFileType = sourcecode.swift; path = PrivacySettingsSection.swift; sourceTree = "<group>"; };
		77263B69430D40067A043AE0 /* PrivacyInfo.xcprivacy */ = {isa = PBXFileReference; includeInIndex = 1; path = PrivacyInfo.xcprivacy; sourceTree = "<group>"; };
		919F5D02538C32B6FAB601DB /* PrivacyInfo.xcprivacy */ = {isa = PBXFileReference; includeInIndex = 1; path = PrivacyInfo.xcprivacy; sourceTree = "<group>"; };
		A87404BA11DA4150BF4E2CFC /* PrivacyInfo.xcprivacy */ = {isa = PBXFileReference; includeInIndex = 1; path = PrivacyInfo.xcprivacy; sourceTree = "<group>"; };
		B10001 /* CLIPulseBarApp.swift */ = {isa = PBXFileReference; lastKnownFileType = sourcecode.swift; path = CLIPulseBarApp.swift; sourceTree = "<group>"; };
		B10006 /* MenuBarView.swift */ = {isa = PBXFileReference; lastKnownFileType = sourcecode.swift; path = MenuBarView.swift; sourceTree = "<group>"; };
		B10007 /* OverviewTab.swift */ = {isa = PBXFileReference; lastKnownFileType = sourcecode.swift; path = OverviewTab.swift; sourceTree = "<group>"; };
		B10008 /* ProvidersTab.swift */ = {isa = PBXFileReference; lastKnownFileType = sourcecode.swift; path = ProvidersTab.swift; sourceTree = "<group>"; };
		B10009 /* SessionsTab.swift */ = {isa = PBXFileReference; lastKnownFileType = sourcecode.swift; path = SessionsTab.swift; sourceTree = "<group>"; };
		B10072 /* SwarmTab.swift */ = {isa = PBXFileReference; lastKnownFileType = sourcecode.swift; path = SwarmTab.swift; sourceTree = "<group>"; };
		B10010 /* AlertsTab.swift */ = {isa = PBXFileReference; lastKnownFileType = sourcecode.swift; path = AlertsTab.swift; sourceTree = "<group>"; };
		B10011 /* SettingsTab.swift */ = {isa = PBXFileReference; lastKnownFileType = sourcecode.swift; path = SettingsTab.swift; sourceTree = "<group>"; };
		B10012 /* Assets.xcassets */ = {isa = PBXFileReference; lastKnownFileType = folder.assetcatalog; path = Assets.xcassets; sourceTree = "<group>"; };
		B10013 /* Info.plist */ = {isa = PBXFileReference; lastKnownFileType = text.plist.xml; path = Info.plist; sourceTree = "<group>"; };
		B10014 /* CLI_Pulse_Bar.entitlements */ = {isa = PBXFileReference; lastKnownFileType = text.plist.entitlements; path = CLI_Pulse_Bar.entitlements; sourceTree = "<group>"; };
		B10020 /* ProviderConfigEditor.swift */ = {isa = PBXFileReference; lastKnownFileType = sourcecode.swift; path = ProviderConfigEditor.swift; sourceTree = "<group>"; };
		B10021 /* NoAutoFillFields.swift */ = {isa = PBXFileReference; lastKnownFileType = sourcecode.swift; path = NoAutoFillFields.swift; sourceTree = "<group>"; };
		B10041 /* DangerZoneSection.swift */ = {isa = PBXFileReference; lastKnownFileType = sourcecode.swift; path = DangerZoneSection.swift; sourceTree = "<group>"; };
		B10042 /* AccountCardView.swift */ = {isa = PBXFileReference; lastKnownFileType = sourcecode.swift; path = AccountCardView.swift; sourceTree = "<group>"; };
		B10043 /* HowItWorksCard.swift */ = {isa = PBXFileReference; lastKnownFileType = sourcecode.swift; path = HowItWorksCard.swift; sourceTree = "<group>"; };
		B10044 /* SubscriptionSection.swift */ = {isa = PBXFileReference; lastKnownFileType = sourcecode.swift; path = SubscriptionSection.swift; sourceTree = "<group>"; };
		B10045 /* PairingSection.swift */ = {isa = PBXFileReference; lastKnownFileType = sourcecode.swift; path = PairingSection.swift; sourceTree = "<group>"; };
		B10046 /* GeneralSection.swift */ = {isa = PBXFileReference; lastKnownFileType = sourcecode.swift; path = GeneralSection.swift; sourceTree = "<group>"; };
		B10047 /* DisplaySection.swift */ = {isa = PBXFileReference; lastKnownFileType = sourcecode.swift; path = DisplaySection.swift; sourceTree = "<group>"; };
		B10048 /* ProviderSettingsSection.swift */ = {isa = PBXFileReference; lastKnownFileType = sourcecode.swift; path = ProviderSettingsSection.swift; sourceTree = "<group>"; };
		B10049 /* AdvancedSection.swift */ = {isa = PBXFileReference; lastKnownFileType = sourcecode.swift; path = AdvancedSection.swift; sourceTree = "<group>"; };
		B10050 /* RemoteApprovalsSheet.swift */ = {isa = PBXFileReference; lastKnownFileType = sourcecode.swift; path = RemoteApprovalsSheet.swift; sourceTree = "<group>"; };
		B10051 /* LocalModeGuideCard.swift */ = {isa = PBXFileReference; lastKnownFileType = sourcecode.swift; path = LocalModeGuideCard.swift; sourceTree = "<group>"; };
		B10052 /* WelcomeModeChoice.swift */ = {isa = PBXFileReference; lastKnownFileType = sourcecode.swift; path = WelcomeModeChoice.swift; sourceTree = "<group>"; };
		B10100 /* AgentDiscoveryStepView.swift */ = {isa = PBXFileReference; lastKnownFileType = sourcecode.swift; path = AgentDiscoveryStepView.swift; sourceTree = "<group>"; };
		B10101 /* ProviderAccountSetupCard.swift */ = {isa = PBXFileReference; lastKnownFileType = sourcecode.swift; path = ProviderAccountSetupCard.swift; sourceTree = "<group>"; };
		B10060 /* cli_pulse_helper */ = {isa = PBXFileReference; explicitFileType = "compiled.mach-o.executable"; path = ../HelperSwift/.build/release/cli_pulse_helper; sourceTree = SOURCE_ROOT; };
		B10062 /* yyh.CLI-Pulse.helper.agent.plist */ = {isa = PBXFileReference; lastKnownFileType = text.plist.xml; path = "yyh.CLI-Pulse.helper.agent.plist"; sourceTree = "<group>"; };
		B10099 /* YieldScoreCard.swift */ = {isa = PBXFileReference; lastKnownFileType = sourcecode.swift; path = YieldScoreCard.swift; sourceTree = "<group>"; };
		B20001 /* CLIPulseApp_iOS.swift */ = {isa = PBXFileReference; lastKnownFileType = sourcecode.swift; path = CLIPulseApp_iOS.swift; sourceTree = "<group>"; };
		B20002 /* iOSMainView.swift */ = {isa = PBXFileReference; lastKnownFileType = sourcecode.swift; path = iOSMainView.swift; sourceTree = "<group>"; };
		B20003 /* iOSLoginView.swift */ = {isa = PBXFileReference; lastKnownFileType = sourcecode.swift; path = iOSLoginView.swift; sourceTree = "<group>"; };
		B20004 /* iOSOverviewTab.swift */ = {isa = PBXFileReference; lastKnownFileType = sourcecode.swift; path = iOSOverviewTab.swift; sourceTree = "<group>"; };
		B20005 /* iOSProvidersTab.swift */ = {isa = PBXFileReference; lastKnownFileType = sourcecode.swift; path = iOSProvidersTab.swift; sourceTree = "<group>"; };
		B20006 /* iOSSessionsTab.swift */ = {isa = PBXFileReference; lastKnownFileType = sourcecode.swift; path = iOSSessionsTab.swift; sourceTree = "<group>"; };
		B20025 /* iOSSwarmTab.swift */ = {isa = PBXFileReference; lastKnownFileType = sourcecode.swift; path = iOSSwarmTab.swift; sourceTree = "<group>"; };
		B20026 /* SwarmLiveActivityController.swift */ = {isa = PBXFileReference; lastKnownFileType = sourcecode.swift; path = SwarmLiveActivityController.swift; sourceTree = "<group>"; };
		B20007 /* iOSAlertsTab.swift */ = {isa = PBXFileReference; lastKnownFileType = sourcecode.swift; path = iOSAlertsTab.swift; sourceTree = "<group>"; };
		B20008 /* iOSSettingsTab.swift */ = {isa = PBXFileReference; lastKnownFileType = sourcecode.swift; path = iOSSettingsTab.swift; sourceTree = "<group>"; };
		B20009 /* Assets.xcassets */ = {isa = PBXFileReference; lastKnownFileType = folder.assetcatalog; path = Assets.xcassets; sourceTree = "<group>"; };
		B20010 /* Info.plist */ = {isa = PBXFileReference; lastKnownFileType = text.plist.xml; path = Info.plist; sourceTree = "<group>"; };
		B20011 /* CLI_Pulse_iOS.entitlements */ = {isa = PBXFileReference; lastKnownFileType = text.plist.entitlements; path = CLI_Pulse_iOS.entitlements; sourceTree = "<group>"; };
		B20012 /* iOSRemoteApprovalsView.swift */ = {isa = PBXFileReference; lastKnownFileType = sourcecode.swift; path = iOSRemoteApprovalsView.swift; sourceTree = "<group>"; };
		B20014 /* iOSMachineView.swift */ = {isa = PBXFileReference; lastKnownFileType = sourcecode.swift; path = iOSMachineView.swift; sourceTree = "<group>"; };
		B20030 /* iOSUsageHeatmapView.swift */ = {isa = PBXFileReference; lastKnownFileType = sourcecode.swift; path = iOSUsageHeatmapView.swift; sourceTree = "<group>"; };
		B20013 /* iOSAppDelegate.swift */ = {isa = PBXFileReference; lastKnownFileType = sourcecode.swift; path = iOSAppDelegate.swift; sourceTree = "<group>"; };
		B20020 /* CLIPulseIntentCache.swift */ = {isa = PBXFileReference; lastKnownFileType = sourcecode.swift; path = Intents/CLIPulseIntentCache.swift; sourceTree = "<group>"; };
		B20021 /* GetStatusIntent.swift */ = {isa = PBXFileReference; lastKnownFileType = sourcecode.swift; path = Intents/GetStatusIntent.swift; sourceTree = "<group>"; };
		B20022 /* GetProviderQuotaIntent.swift */ = {isa = PBXFileReference; lastKnownFileType = sourcecode.swift; path = Intents/GetProviderQuotaIntent.swift; sourceTree = "<group>"; };
		B20023 /* RefreshWidgetIntent.swift */ = {isa = PBXFileReference; lastKnownFileType = sourcecode.swift; path = Intents/RefreshWidgetIntent.swift; sourceTree = "<group>"; };
		B20024 /* CLIPulseShortcuts.swift */ = {isa = PBXFileReference; lastKnownFileType = sourcecode.swift; path = Intents/CLIPulseShortcuts.swift; sourceTree = "<group>"; };
		B30001 /* CLIPulseApp_Watch.swift */ = {isa = PBXFileReference; lastKnownFileType = sourcecode.swift; path = CLIPulseApp_Watch.swift; sourceTree = "<group>"; };
		B30002 /* WatchMainView.swift */ = {isa = PBXFileReference; lastKnownFileType = sourcecode.swift; path = WatchMainView.swift; sourceTree = "<group>"; };
		B30003 /* WatchLoginView.swift */ = {isa = PBXFileReference; lastKnownFileType = sourcecode.swift; path = WatchLoginView.swift; sourceTree = "<group>"; };
		B30031 /* WatchComponents.swift */ = {isa = PBXFileReference; lastKnownFileType = sourcecode.swift; path = WatchComponents.swift; sourceTree = "<group>"; };
		B30032 /* PulseHomeView.swift */ = {isa = PBXFileReference; lastKnownFileType = sourcecode.swift; path = PulseHomeView.swift; sourceTree = "<group>"; };
		B30033 /* QuotaRingsView.swift */ = {isa = PBXFileReference; lastKnownFileType = sourcecode.swift; path = QuotaRingsView.swift; sourceTree = "<group>"; };
		B30006 /* WatchSessionsView.swift */ = {isa = PBXFileReference; lastKnownFileType = sourcecode.swift; path = WatchSessionsView.swift; sourceTree = "<group>"; };
		B30007 /* WatchAlertsView.swift */ = {isa = PBXFileReference; lastKnownFileType = sourcecode.swift; path = WatchAlertsView.swift; sourceTree = "<group>"; };
		B30008 /* Assets.xcassets */ = {isa = PBXFileReference; lastKnownFileType = folder.assetcatalog; path = Assets.xcassets; sourceTree = "<group>"; };
		B30009 /* Info.plist */ = {isa = PBXFileReference; lastKnownFileType = text.plist.xml; path = Info.plist; sourceTree = "<group>"; };
		B30010 /* CLI_Pulse_Watch.entitlements */ = {isa = PBXFileReference; lastKnownFileType = text.plist.entitlements; path = CLI_Pulse_Watch.entitlements; sourceTree = "<group>"; };
		B30011 /* WatchSessionManager.swift */ = {isa = PBXFileReference; lastKnownFileType = sourcecode.swift; path = WatchSessionManager.swift; sourceTree = "<group>"; };
		B30040 /* WatchMachineCard.swift */ = {isa = PBXFileReference; lastKnownFileType = sourcecode.swift; path = WatchMachineCard.swift; sourceTree = "<group>"; };
		B30020 /* WatchAppState.swift */ = {isa = PBXFileReference; lastKnownFileType = sourcecode.swift; path = WatchAppState.swift; sourceTree = "<group>"; };
		B30030 /* WatchTheme.swift */ = {isa = PBXFileReference; lastKnownFileType = sourcecode.swift; path = WatchTheme.swift; sourceTree = "<group>"; };
		B30021 /* PhoneSessionManager.swift */ = {isa = PBXFileReference; lastKnownFileType = sourcecode.swift; path = PhoneSessionManager.swift; sourceTree = "<group>"; };
		B30022 /* OnboardingWizardView.swift */ = {isa = PBXFileReference; lastKnownFileType = sourcecode.swift; path = OnboardingWizardView.swift; sourceTree = "<group>"; };
		B30023 /* WatchComplicationWidget.swift */ = {isa = PBXFileReference; lastKnownFileType = sourcecode.swift; path = WatchComplicationWidget.swift; sourceTree = "<group>"; };
		B30024 /* TeamView.swift */ = {isa = PBXFileReference; lastKnownFileType = sourcecode.swift; path = TeamView.swift; sourceTree = "<group>"; };
		B40001 /* CLIPulseWidgets.swift */ = {isa = PBXFileReference; lastKnownFileType = sourcecode.swift; path = CLIPulseWidgets.swift; sourceTree = "<group>"; };
		B40002 /* WidgetDataProvider.swift */ = {isa = PBXFileReference; lastKnownFileType = sourcecode.swift; path = WidgetDataProvider.swift; sourceTree = "<group>"; };
		B40003 /* UsageOverviewWidget.swift */ = {isa = PBXFileReference; lastKnownFileType = sourcecode.swift; path = UsageOverviewWidget.swift; sourceTree = "<group>"; };
		B40004 /* ProviderUsageWidget.swift */ = {isa = PBXFileReference; lastKnownFileType = sourcecode.swift; path = ProviderUsageWidget.swift; sourceTree = "<group>"; };
		B40005 /* LockScreenWidget.swift */ = {isa = PBXFileReference; lastKnownFileType = sourcecode.swift; path = LockScreenWidget.swift; sourceTree = "<group>"; };
		B40030 /* SwarmLiveActivity.swift */ = {isa = PBXFileReference; lastKnownFileType = sourcecode.swift; path = SwarmLiveActivity.swift; sourceTree = "<group>"; };
		B40006 /* WidgetTheme.swift */ = {isa = PBXFileReference; lastKnownFileType = sourcecode.swift; path = WidgetTheme.swift; sourceTree = "<group>"; };
		B40007 /* Assets.xcassets */ = {isa = PBXFileReference; lastKnownFileType = folder.assetcatalog; path = Assets.xcassets; sourceTree = "<group>"; };
		B40008 /* Info.plist */ = {isa = PBXFileReference; lastKnownFileType = text.plist.xml; path = Info.plist; sourceTree = "<group>"; };
		B40009 /* CLI_Pulse_Widgets.entitlements */ = {isa = PBXFileReference; lastKnownFileType = text.plist.entitlements; path = CLI_Pulse_Widgets.entitlements; sourceTree = "<group>"; };
		B60001 /* CLIPulseHelperApp.swift */ = {isa = PBXFileReference; lastKnownFileType = sourcecode.swift; path = CLIPulseHelperApp.swift; sourceTree = "<group>"; };
		B60002 /* HelperAppDelegate.swift */ = {isa = PBXFileReference; lastKnownFileType = sourcecode.swift; path = HelperAppDelegate.swift; sourceTree = "<group>"; };
		B60003 /* HelperDaemon.swift */ = {isa = PBXFileReference; lastKnownFileType = sourcecode.swift; path = HelperDaemon.swift; sourceTree = "<group>"; };
		B60004 /* Info.plist */ = {isa = PBXFileReference; lastKnownFileType = text.plist.xml; path = Info.plist; sourceTree = "<group>"; };
		B60005 /* CLIPulseHelper.entitlements */ = {isa = PBXFileReference; lastKnownFileType = text.plist.entitlements; path = CLIPulseHelper.entitlements; sourceTree = "<group>"; };
		B60006 /* CompanionCLISection.swift */ = {isa = PBXFileReference; lastKnownFileType = sourcecode.swift; path = CompanionCLISection.swift; sourceTree = "<group>"; };
		C10001 /* CLI Pulse Bar.app */ = {isa = PBXFileReference; explicitFileType = wrapper.application; includeInIndex = 0; path = "CLI Pulse Bar.app"; sourceTree = BUILT_PRODUCTS_DIR; };
		C20001 /* CLI Pulse.app */ = {isa = PBXFileReference; explicitFileType = wrapper.application; includeInIndex = 0; path = "CLI Pulse.app"; sourceTree = BUILT_PRODUCTS_DIR; };
		C30001 /* CLI Pulse Watch.app */ = {isa = PBXFileReference; explicitFileType = wrapper.application; includeInIndex = 0; path = "CLI Pulse Watch.app"; sourceTree = BUILT_PRODUCTS_DIR; };
		C40001 /* CLI Pulse Widgets.appex */ = {isa = PBXFileReference; explicitFileType = "wrapper.app-extension"; includeInIndex = 0; path = "CLI Pulse Widgets.appex"; sourceTree = BUILT_PRODUCTS_DIR; };
		C420EAEAF8AC7DB112700AF8 /* AppUpdaterSection.swift */ = {isa = PBXFileReference; includeInIndex = 1; lastKnownFileType = sourcecode.swift; path = AppUpdaterSection.swift; sourceTree = "<group>"; };
		C60001 /* CLIPulseHelper.app */ = {isa = PBXFileReference; explicitFileType = wrapper.application; includeInIndex = 0; path = CLIPulseHelper.app; sourceTree = BUILT_PRODUCTS_DIR; };
/* End PBXFileReference section */

/* Begin PBXFrameworksBuildPhase section */
		D10001 /* Frameworks */ = {
			isa = PBXFrameworksBuildPhase;
			buildActionMask = 2147483647;
			files = (
				PKG00004 /* CLIPulseCore in Frameworks */,
			);
			runOnlyForDeploymentPostprocessing = 0;
		};
		D20001 /* Frameworks */ = {
			isa = PBXFrameworksBuildPhase;
			buildActionMask = 2147483647;
			files = (
				PKG00005 /* CLIPulseCore in Frameworks */,
			);
			runOnlyForDeploymentPostprocessing = 0;
		};
		D30001 /* Frameworks */ = {
			isa = PBXFrameworksBuildPhase;
			buildActionMask = 2147483647;
			files = (
				96A0197F2F7D031400C09EBE /* CLIPulseCore in Frameworks */,
				96A0197E2F7D031400C09EBE /* BuildFile in Frameworks */,
			);
			runOnlyForDeploymentPostprocessing = 0;
		};
		D40001 /* Frameworks */ = {
			isa = PBXFrameworksBuildPhase;
			buildActionMask = 2147483647;
			files = (
				PKG00007 /* CLIPulseCore in Frameworks */,
			);
			runOnlyForDeploymentPostprocessing = 0;
		};
		D60001 /* Frameworks */ = {
			isa = PBXFrameworksBuildPhase;
			buildActionMask = 2147483647;
			files = (
				PKG00008 /* CLIPulseCore in Frameworks */,
			);
			runOnlyForDeploymentPostprocessing = 0;
		};
/* End PBXFrameworksBuildPhase section */

/* Begin PBXGroup section */
		E10001 = {
			isa = PBXGroup;
			children = (
				E10002 /* CLI Pulse Bar */,
				E20001 /* CLI Pulse Bar iOS */,
				E30001 /* CLI Pulse Bar Watch */,
				E40001 /* CLI Pulse Widgets */,
				E60001 /* CLIPulseHelper */,
				E10003 /* Products */,
			);
			sourceTree = "<group>";
		};
		E10002 /* CLI Pulse Bar */ = {
			isa = PBXGroup;
			children = (
				B10001 /* CLIPulseBarApp.swift */,
				B10006 /* MenuBarView.swift */,
				B30024 /* TeamView.swift */,
				B30022 /* OnboardingWizardView.swift */,
				B10100 /* AgentDiscoveryStepView.swift */,
				B10101 /* ProviderAccountSetupCard.swift */,
				B10007 /* OverviewTab.swift */,
				B10099 /* YieldScoreCard.swift */,
				B10008 /* ProvidersTab.swift */,
				B10009 /* SessionsTab.swift */,
				B10072 /* SwarmTab.swift */,
				B10010 /* AlertsTab.swift */,
				B10011 /* SettingsTab.swift */,
				B10041 /* DangerZoneSection.swift */,
				B10042 /* AccountCardView.swift */,
				B10043 /* HowItWorksCard.swift */,
				B10044 /* SubscriptionSection.swift */,
				B10045 /* PairingSection.swift */,
				B60006 /* CompanionCLISection.swift */,
				B10046 /* GeneralSection.swift */,
				B10047 /* DisplaySection.swift */,
				B10048 /* ProviderSettingsSection.swift */,
				B10049 /* AdvancedSection.swift */,
				B10050 /* RemoteApprovalsSheet.swift */,
				B10051 /* LocalModeGuideCard.swift */,
				B10052 /* WelcomeModeChoice.swift */,
				B10020 /* ProviderConfigEditor.swift */,
				B10021 /* NoAutoFillFields.swift */,
				B10012 /* Assets.xcassets */,
				B10013 /* Info.plist */,
				B10014 /* CLI_Pulse_Bar.entitlements */,
				B10060 /* cli_pulse_helper */,
				B10062 /* yyh.CLI-Pulse.helper.agent.plist */,
				C420EAEAF8AC7DB112700AF8 /* AppUpdaterSection.swift */,
				2D7578D231149D6491E5BCD7 /* PrivacySettingsSection.swift */,
			);
			path = "CLI Pulse Bar";
			sourceTree = "<group>";
		};
		E10003 /* Products */ = {
			isa = PBXGroup;
			children = (
				C10001 /* CLI Pulse Bar.app */,
				C20001 /* CLI Pulse.app */,
				C30001 /* CLI Pulse Watch.app */,
				C40001 /* CLI Pulse Widgets.appex */,
				C60001 /* CLIPulseHelper.app */,
			);
			name = Products;
			sourceTree = "<group>";
		};
		E20001 /* CLI Pulse Bar iOS */ = {
			isa = PBXGroup;
			children = (
				B20001 /* CLIPulseApp_iOS.swift */,
				B20002 /* iOSMainView.swift */,
				B20003 /* iOSLoginView.swift */,
				B20004 /* iOSOverviewTab.swift */,
				B20005 /* iOSProvidersTab.swift */,
				B20006 /* iOSSessionsTab.swift */,
				B20025 /* iOSSwarmTab.swift */,
				B20026 /* SwarmLiveActivityController.swift */,
				B20007 /* iOSAlertsTab.swift */,
				B20008 /* iOSSettingsTab.swift */,
				B20012 /* iOSRemoteApprovalsView.swift */,
				B20014 /* iOSMachineView.swift */,
				B20030 /* iOSUsageHeatmapView.swift */,
				B20013 /* iOSAppDelegate.swift */,
				B20020 /* CLIPulseIntentCache.swift */,
				B20021 /* GetStatusIntent.swift */,
				B20022 /* GetProviderQuotaIntent.swift */,
				B20023 /* RefreshWidgetIntent.swift */,
				B20024 /* CLIPulseShortcuts.swift */,
				B30021 /* PhoneSessionManager.swift */,
				B20009 /* Assets.xcassets */,
				B20010 /* Info.plist */,
				B20011 /* CLI_Pulse_iOS.entitlements */,
				A87404BA11DA4150BF4E2CFC /* PrivacyInfo.xcprivacy */,
			);
			path = "CLI Pulse Bar iOS";
			sourceTree = "<group>";
		};
		E30001 /* CLI Pulse Bar Watch */ = {
			isa = PBXGroup;
			children = (
				B30001 /* CLIPulseApp_Watch.swift */,
				B30002 /* WatchMainView.swift */,
				B30003 /* WatchLoginView.swift */,
				B30031 /* WatchComponents.swift */,
				B30032 /* PulseHomeView.swift */,
				B30033 /* QuotaRingsView.swift */,
				B30006 /* WatchSessionsView.swift */,
				B30007 /* WatchAlertsView.swift */,
				B30011 /* WatchSessionManager.swift */,
				B30040 /* WatchMachineCard.swift */,
				B30020 /* WatchAppState.swift */,
				B30030 /* WatchTheme.swift */,
				B30008 /* Assets.xcassets */,
				B30009 /* Info.plist */,
				B30010 /* CLI_Pulse_Watch.entitlements */,
				919F5D02538C32B6FAB601DB /* PrivacyInfo.xcprivacy */,
			);
			path = "CLI Pulse Bar Watch";
			sourceTree = "<group>";
		};
		E40001 /* CLI Pulse Widgets */ = {
			isa = PBXGroup;
			children = (
				B40001 /* CLIPulseWidgets.swift */,
				B40002 /* WidgetDataProvider.swift */,
				B40003 /* UsageOverviewWidget.swift */,
				B40004 /* ProviderUsageWidget.swift */,
				B40005 /* LockScreenWidget.swift */,
				B40030 /* SwarmLiveActivity.swift */,
				B30023 /* WatchComplicationWidget.swift */,
				B40006 /* WidgetTheme.swift */,
				B40007 /* Assets.xcassets */,
				B40008 /* Info.plist */,
				B40009 /* CLI_Pulse_Widgets.entitlements */,
				77263B69430D40067A043AE0 /* PrivacyInfo.xcprivacy */,
			);
			path = "CLI Pulse Widgets";
			sourceTree = "<group>";
		};
		E60001 /* CLIPulseHelper */ = {
			isa = PBXGroup;
			children = (
				B60001 /* CLIPulseHelperApp.swift */,
				B60002 /* HelperAppDelegate.swift */,
				B60003 /* HelperDaemon.swift */,
				B60004 /* Info.plist */,
				B60005 /* CLIPulseHelper.entitlements */,
			);
			path = CLIPulseHelper;
			sourceTree = "<group>";
		};
/* End PBXGroup section */

/* Begin PBXNativeTarget section */
		F10001 /* CLI Pulse Bar */ = {
			isa = PBXNativeTarget;
			buildConfigurationList = G10003 /* Build configuration list for PBXNativeTarget "CLI Pulse Bar" */;
			buildPhases = (
				F10002 /* Sources */,
				D10001 /* Frameworks */,
				F10003 /* Resources */,
				SH10001 /* Build Helper Binary (Swift) */,
				CP10001 /* Embed Helper Binary */,
				CP10002 /* Embed Helper LaunchAgent */,
				CP60001 /* Embed Login Items */,
			);
			buildRules = (
			);
			dependencies = (
				DEP60001 /* PBXTargetDependency */,
			);
			name = "CLI Pulse Bar";
			packageProductDependencies = (
				PKG00002 /* CLIPulseCore */,
			);
			productName = "CLI Pulse Bar";
			productReference = C10001 /* CLI Pulse Bar.app */;
			productType = "com.apple.product-type.application";
		};
		F20001 /* CLI Pulse iOS */ = {
			isa = PBXNativeTarget;
			buildConfigurationList = G20003 /* Build configuration list for PBXNativeTarget "CLI Pulse iOS" */;
			buildPhases = (
				F20002 /* Sources */,
				D20001 /* Frameworks */,
				F20003 /* Resources */,
				CP40001 /* Embed Foundation Extensions */,
				CP50001 /* Embed Watch Content */,
			);
			buildRules = (
			);
			dependencies = (
				DEP40001 /* PBXTargetDependency */,
				DEP50001 /* PBXTargetDependency */,
			);
			name = "CLI Pulse iOS";
			packageProductDependencies = (
				PKG00003 /* CLIPulseCore */,
			);
			productName = "CLI Pulse";
			productReference = C20001 /* CLI Pulse.app */;
			productType = "com.apple.product-type.application";
		};
		F30001 /* CLI Pulse Watch */ = {
			isa = PBXNativeTarget;
			buildConfigurationList = G30003 /* Build configuration list for PBXNativeTarget "CLI Pulse Watch" */;
			buildPhases = (
				F30002 /* Sources */,
				D30001 /* Frameworks */,
				F30003 /* Resources */,
			);
			buildRules = (
			);
			dependencies = (
			);
			name = "CLI Pulse Watch";
			packageProductDependencies = (
				PKG00006 /* CLIPulseCore */,
			);
			productName = "CLI Pulse Watch";
			productReference = C30001 /* CLI Pulse Watch.app */;
			productType = "com.apple.product-type.application";
		};
		F40001 /* CLI Pulse Widgets */ = {
			isa = PBXNativeTarget;
			buildConfigurationList = G40003 /* Build configuration list for PBXNativeTarget "CLI Pulse Widgets" */;
			buildPhases = (
				F40002 /* Sources */,
				D40001 /* Frameworks */,
				F40003 /* Resources */,
			);
			buildRules = (
			);
			dependencies = (
			);
			name = "CLI Pulse Widgets";
			productName = "CLI Pulse Widgets";
			productReference = C40001 /* CLI Pulse Widgets.appex */;
			productType = "com.apple.product-type.app-extension";
		};
		F60001 /* CLIPulseHelper */ = {
			isa = PBXNativeTarget;
			buildConfigurationList = G60003 /* Build configuration list for PBXNativeTarget "CLIPulseHelper" */;
			buildPhases = (
				F60002 /* Sources */,
				D60001 /* Frameworks */,
			);
			buildRules = (
			);
			dependencies = (
			);
			name = CLIPulseHelper;
			packageProductDependencies = (
				PKG00009 /* CLIPulseCore */,
			);
			productName = CLIPulseHelper;
			productReference = C60001 /* CLIPulseHelper.app */;
			productType = "com.apple.product-type.application";
		};
/* End PBXNativeTarget section */

/* Begin PBXProject section */
		H10001 /* Project object */ = {
			isa = PBXProject;
			attributes = {
				BuildIndependentTargetsInParallel = 1;
				LastSwiftUpdateCheck = 1500;
				LastUpgradeCheck = 2640;
				TargetAttributes = {
					F10001 = {
						CreatedOnToolsVersion = 15.0;
					};
					F20001 = {
						CreatedOnToolsVersion = 15.0;
					};
					F30001 = {
						CreatedOnToolsVersion = 15.0;
					};
					F40001 = {
						CreatedOnToolsVersion = 15.0;
					};
					F60001 = {
						CreatedOnToolsVersion = 15.0;
					};
				};
			};
			buildConfigurationList = G10001 /* Build configuration list for PBXProject "CLI Pulse Bar" */;
			compatibilityVersion = "Xcode 14.0";
			developmentRegion = en;
			hasScannedForEncodings = 0;
			knownRegions = (
				en,
				Base,
			);
			mainGroup = E10001;
			packageReferences = (
				PKG00001 /* XCLocalSwiftPackageReference "CLIPulseCore" */,
			);
			productRefGroup = E10003 /* Products */;
			projectDirPath = "";
			projectRoot = "";
			targets = (
				F10001 /* CLI Pulse Bar */,
				F20001 /* CLI Pulse iOS */,
				F30001 /* CLI Pulse Watch */,
				F40001 /* CLI Pulse Widgets */,
				F60001 /* CLIPulseHelper */,
			);
		};
/* End PBXProject section */

/* Begin PBXResourcesBuildPhase section */
		F10003 /* Resources */ = {
			isa = PBXResourcesBuildPhase;
			buildActionMask = 2147483647;
			files = (
				A10012 /* Assets.xcassets in Resources */,
			);
			runOnlyForDeploymentPostprocessing = 0;
		};
		F20003 /* Resources */ = {
			isa = PBXResourcesBuildPhase;
			buildActionMask = 2147483647;
			files = (
				A20013 /* Assets.xcassets in Resources */,
				E63FBDBE21C6066701023522 /* PrivacyInfo.xcprivacy in Resources */,
			);
			runOnlyForDeploymentPostprocessing = 0;
		};
		F30003 /* Resources */ = {
			isa = PBXResourcesBuildPhase;
			buildActionMask = 2147483647;
			files = (
				A30008 /* Assets.xcassets in Resources */,
				AB57EF3A2A0B909CCB5C66D1 /* PrivacyInfo.xcprivacy in Resources */,
			);
			runOnlyForDeploymentPostprocessing = 0;
		};
		F40003 /* Resources */ = {
			isa = PBXResourcesBuildPhase;
			buildActionMask = 2147483647;
			files = (
				A40007 /* Assets.xcassets in Resources */,
				3036AA4850DF27DC6019D997 /* PrivacyInfo.xcprivacy in Resources */,
			);
			runOnlyForDeploymentPostprocessing = 0;
		};
/* End PBXResourcesBuildPhase section */

/* Begin PBXShellScriptBuildPhase section */
		SH10001 /* Build Helper Binary (Swift) */ = {
			isa = PBXShellScriptBuildPhase;
			alwaysOutOfDate = 1;
			buildActionMask = 2147483647;
			files = (
			);
			inputPaths = (
				"$(SRCROOT)/../HelperSwift/Package.swift",
			);
			name = "Build Helper Binary (Swift)";
			outputPaths = (
				"$(SRCROOT)/../HelperSwift/.build/release/cli_pulse_helper",
			);
			runOnlyForDeploymentPostprocessing = 0;
			shellPath = /bin/bash;
			shellScript = "\"$SRCROOT/../scripts/build_helper_swift.sh\"";
		};
/* End PBXShellScriptBuildPhase section */

/* Begin PBXSourcesBuildPhase section */
		F10002 /* Sources */ = {
			isa = PBXSourcesBuildPhase;
			buildActionMask = 2147483647;
			files = (
				A10001 /* CLIPulseBarApp.swift in Sources */,
				A10006 /* MenuBarView.swift in Sources */,
				A30024 /* TeamView.swift in Sources */,
				A30022 /* OnboardingWizardView.swift in Sources */,
				A10100 /* AgentDiscoveryStepView.swift in Sources */,
				A10101 /* ProviderAccountSetupCard.swift in Sources */,
				A10007 /* OverviewTab.swift in Sources */,
				A10099 /* YieldScoreCard.swift in Sources */,
				A10008 /* ProvidersTab.swift in Sources */,
				A10009 /* SessionsTab.swift in Sources */,
				A10072 /* SwarmTab.swift in Sources */,
				A10010 /* AlertsTab.swift in Sources */,
				A10011 /* SettingsTab.swift in Sources */,
				A10041 /* DangerZoneSection.swift in Sources */,
				A10042 /* AccountCardView.swift in Sources */,
				A10043 /* HowItWorksCard.swift in Sources */,
				A10044 /* SubscriptionSection.swift in Sources */,
				A10045 /* PairingSection.swift in Sources */,
				A60011 /* CompanionCLISection.swift in Sources */,
				A10046 /* GeneralSection.swift in Sources */,
				A10047 /* DisplaySection.swift in Sources */,
				A10048 /* ProviderSettingsSection.swift in Sources */,
				A10049 /* AdvancedSection.swift in Sources */,
				A10050 /* RemoteApprovalsSheet.swift in Sources */,
				A10051 /* LocalModeGuideCard.swift in Sources */,
				A10052 /* WelcomeModeChoice.swift in Sources */,
				A10020 /* ProviderConfigEditor.swift in Sources */,
				A10021 /* NoAutoFillFields.swift in Sources */,
				CE9C5A560EFC6CC22716D4CD /* AppUpdaterSection.swift in Sources */,
				B18429BE19305EFBF4EA2BE9 /* PrivacySettingsSection.swift in Sources */,
			);
			runOnlyForDeploymentPostprocessing = 0;
		};
		F20002 /* Sources */ = {
			isa = PBXSourcesBuildPhase;
			buildActionMask = 2147483647;
			files = (
				A20001 /* CLIPulseApp_iOS.swift in Sources */,
				A20006 /* iOSMainView.swift in Sources */,
				A20007 /* iOSLoginView.swift in Sources */,
				A20008 /* iOSOverviewTab.swift in Sources */,
				A20009 /* iOSProvidersTab.swift in Sources */,
				A20010 /* iOSSessionsTab.swift in Sources */,
				A20025 /* iOSSwarmTab.swift in Sources */,
				A20026 /* SwarmLiveActivityController.swift in Sources */,
				A20011 /* iOSAlertsTab.swift in Sources */,
				A20012 /* iOSSettingsTab.swift in Sources */,
				A20014 /* iOSRemoteApprovalsView.swift in Sources */,
				A20016 /* iOSMachineView.swift in Sources */,
				A20030 /* iOSUsageHeatmapView.swift in Sources */,
				A20015 /* iOSAppDelegate.swift in Sources */,
				A20020 /* CLIPulseIntentCache.swift in Sources */,
				A20021 /* GetStatusIntent.swift in Sources */,
				A20022 /* GetProviderQuotaIntent.swift in Sources */,
				A20023 /* RefreshWidgetIntent.swift in Sources */,
				A20024 /* CLIPulseShortcuts.swift in Sources */,
				A30021 /* PhoneSessionManager.swift in Sources */,
				A30025 /* TeamView.swift in Sources */,
			);
			runOnlyForDeploymentPostprocessing = 0;
		};
		F30002 /* Sources */ = {
			isa = PBXSourcesBuildPhase;
			buildActionMask = 2147483647;
			files = (
				A30001 /* CLIPulseApp_Watch.swift in Sources */,
				A30002 /* WatchMainView.swift in Sources */,
				A30003 /* WatchLoginView.swift in Sources */,
				A30031 /* WatchComponents.swift in Sources */,
				A30032 /* PulseHomeView.swift in Sources */,
				A30033 /* QuotaRingsView.swift in Sources */,
				A30006 /* WatchSessionsView.swift in Sources */,
				A30007 /* WatchAlertsView.swift in Sources */,
				A30009 /* WatchSessionManager.swift in Sources */,
				A30040 /* WatchMachineCard.swift in Sources */,
				A30020 /* WatchAppState.swift in Sources */,
				A30030 /* WatchTheme.swift in Sources */,
			);
			runOnlyForDeploymentPostprocessing = 0;
		};
		F40002 /* Sources */ = {
			isa = PBXSourcesBuildPhase;
			buildActionMask = 2147483647;
			files = (
				A40001 /* CLIPulseWidgets.swift in Sources */,
				A40002 /* WidgetDataProvider.swift in Sources */,
				A40003 /* UsageOverviewWidget.swift in Sources */,
				A40004 /* ProviderUsageWidget.swift in Sources */,
				A40005 /* LockScreenWidget.swift in Sources */,
				A40030 /* SwarmLiveActivity.swift in Sources */,
				A30023 /* WatchComplicationWidget.swift in Sources */,
				A40006 /* WidgetTheme.swift in Sources */,
				A40020 /* CLIPulseIntentCache.swift in Sources */,
				A40023 /* RefreshWidgetIntent.swift in Sources */,
			);
			runOnlyForDeploymentPostprocessing = 0;
		};
		F60002 /* Sources */ = {
			isa = PBXSourcesBuildPhase;
			buildActionMask = 2147483647;
			files = (
				A60001 /* CLIPulseHelperApp.swift in Sources */,
				A60002 /* HelperAppDelegate.swift in Sources */,
				A60003 /* HelperDaemon.swift in Sources */,
			);
			runOnlyForDeploymentPostprocessing = 0;
		};
/* End PBXSourcesBuildPhase section */

/* Begin PBXTargetDependency section */
		DEP40001 /* PBXTargetDependency */ = {
			isa = PBXTargetDependency;
			target = F40001 /* CLI Pulse Widgets */;
			targetProxy = P40001 /* PBXContainerItemProxy */;
		};
		DEP50001 /* PBXTargetDependency */ = {
			isa = PBXTargetDependency;
			target = F30001 /* CLI Pulse Watch */;
			targetProxy = P50001 /* PBXContainerItemProxy */;
		};
		DEP60001 /* PBXTargetDependency */ = {
			isa = PBXTargetDependency;
			target = F60001 /* CLIPulseHelper */;
			targetProxy = P60001 /* PBXContainerItemProxy */;
		};
/* End PBXTargetDependency section */

/* Begin XCBuildConfiguration section */
		G10002 /* Debug */ = {
			isa = XCBuildConfiguration;
			buildSettings = {
				ALWAYS_SEARCH_USER_PATHS = NO;
				ASSETCATALOG_COMPILER_GENERATE_SWIFT_ASSET_SYMBOL_EXTENSIONS = YES;
				CLANG_ANALYZER_NONNULL = YES;
				CLANG_CXX_LANGUAGE_STANDARD = "gnu++20";
				CLANG_ENABLE_MODULES = YES;
				CLANG_ENABLE_OBJC_ARC = YES;
				CLANG_WARN_BLOCK_CAPTURE_AUTORELEASING = YES;
				CLANG_WARN_BOOL_CONVERSION = YES;
				CLANG_WARN_COMMA = YES;
				CLANG_WARN_CONSTANT_CONVERSION = YES;
				CLANG_WARN_DEPRECATED_OBJC_IMPLEMENTATIONS = YES;
				CLANG_WARN_EMPTY_BODY = YES;
				CLANG_WARN_ENUM_CONVERSION = YES;
				CLANG_WARN_INFINITE_RECURSION = YES;
				CLANG_WARN_INT_CONVERSION = YES;
				CLANG_WARN_NON_LITERAL_NULL_CONVERSION = YES;
				CLANG_WARN_OBJC_IMPLICIT_RETAIN_SELF = YES;
				CLANG_WARN_OBJC_LITERAL_CONVERSION = YES;
				CLANG_WARN_QUOTED_INCLUDE_IN_FRAMEWORK_HEADER = YES;
				CLANG_WARN_RANGE_LOOP_ANALYSIS = YES;
				CLANG_WARN_STRICT_PROTOTYPES = YES;
				CLANG_WARN_SUSPICIOUS_MOVE = YES;
				CLANG_WARN_UNREACHABLE_CODE = YES;
				CLANG_WARN__DUPLICATE_METHOD_MATCH = YES;
				COPY_PHASE_STRIP = NO;
				DEAD_CODE_STRIPPING = YES;
				DEBUG_INFORMATION_FORMAT = dwarf;
				DEVELOPMENT_TEAM = KHMK6Q3L3K;
				ENABLE_STRICT_OBJC_MSGSEND = YES;
				ENABLE_TESTABILITY = YES;
				ENABLE_USER_SCRIPT_SANDBOXING = NO;
				GCC_DYNAMIC_NO_PIC = NO;
				GCC_NO_COMMON_BLOCKS = YES;
				GCC_OPTIMIZATION_LEVEL = 0;
				GCC_WARN_64_TO_32_BIT_CONVERSION = YES;
				GCC_WARN_ABOUT_RETURN_TYPE = YES_ERROR;
				GCC_WARN_UNDECLARED_SELECTOR = YES;
				GCC_WARN_UNINITIALIZED_AUTOS = YES_AGGRESSIVE;
				GCC_WARN_UNUSED_FUNCTION = YES;
				GCC_WARN_UNUSED_VARIABLE = YES;
				MACOSX_DEPLOYMENT_TARGET = 13.0;
				MTL_ENABLE_DEBUG_INFO = INCLUDE_SOURCE;
				ONLY_ACTIVE_ARCH = YES;
				SDKROOT = macosx;
				STRING_CATALOG_GENERATE_SYMBOLS = YES;
				SWIFT_ACTIVE_COMPILATION_CONDITIONS = "DEBUG $(inherited)";
				SWIFT_OPTIMIZATION_LEVEL = "-Onone";
			};
			name = Debug;
		};
		G10004 /* Release */ = {
			isa = XCBuildConfiguration;
			buildSettings = {
				ALWAYS_SEARCH_USER_PATHS = NO;
				ASSETCATALOG_COMPILER_GENERATE_SWIFT_ASSET_SYMBOL_EXTENSIONS = YES;
				CLANG_ANALYZER_NONNULL = YES;
				CLANG_CXX_LANGUAGE_STANDARD = "gnu++20";
				CLANG_ENABLE_MODULES = YES;
				CLANG_ENABLE_OBJC_ARC = YES;
				CLANG_WARN_BLOCK_CAPTURE_AUTORELEASING = YES;
				CLANG_WARN_BOOL_CONVERSION = YES;
				CLANG_WARN_COMMA = YES;
				CLANG_WARN_CONSTANT_CONVERSION = YES;
				CLANG_WARN_DEPRECATED_OBJC_IMPLEMENTATIONS = YES;
				CLANG_WARN_EMPTY_BODY = YES;
				CLANG_WARN_ENUM_CONVERSION = YES;
				CLANG_WARN_INFINITE_RECURSION = YES;
				CLANG_WARN_INT_CONVERSION = YES;
				CLANG_WARN_NON_LITERAL_NULL_CONVERSION = YES;
				CLANG_WARN_OBJC_IMPLICIT_RETAIN_SELF = YES;
				CLANG_WARN_OBJC_LITERAL_CONVERSION = YES;
				CLANG_WARN_QUOTED_INCLUDE_IN_FRAMEWORK_HEADER = YES;
				CLANG_WARN_RANGE_LOOP_ANALYSIS = YES;
				CLANG_WARN_STRICT_PROTOTYPES = YES;
				CLANG_WARN_SUSPICIOUS_MOVE = YES;
				CLANG_WARN_UNREACHABLE_CODE = YES;
				CLANG_WARN__DUPLICATE_METHOD_MATCH = YES;
				COPY_PHASE_STRIP = NO;
				DEAD_CODE_STRIPPING = YES;
				DEBUG_INFORMATION_FORMAT = "dwarf-with-dsym";
				DEVELOPMENT_TEAM = KHMK6Q3L3K;
				ENABLE_NS_ASSERTIONS = NO;
				ENABLE_STRICT_OBJC_MSGSEND = YES;
				ENABLE_USER_SCRIPT_SANDBOXING = NO;
				GCC_NO_COMMON_BLOCKS = YES;
				GCC_WARN_64_TO_32_BIT_CONVERSION = YES;
				GCC_WARN_ABOUT_RETURN_TYPE = YES_ERROR;
				GCC_WARN_UNDECLARED_SELECTOR = YES;
				GCC_WARN_UNINITIALIZED_AUTOS = YES_AGGRESSIVE;
				GCC_WARN_UNUSED_FUNCTION = YES;
				GCC_WARN_UNUSED_VARIABLE = YES;
				MACOSX_DEPLOYMENT_TARGET = 13.0;
				SDKROOT = macosx;
				STRING_CATALOG_GENERATE_SYMBOLS = YES;
				SWIFT_COMPILATION_MODE = wholemodule;
			};
			name = Release;
		};
		G10005 /* Debug */ = {
			isa = XCBuildConfiguration;
			buildSettings = {
				ASSETCATALOG_COMPILER_APPICON_NAME = AppIcon;
				ASSETCATALOG_COMPILER_GLOBAL_ACCENT_COLOR_NAME = AccentColor;
				CODE_SIGN_ENTITLEMENTS = "CLI Pulse Bar/CLI_Pulse_Bar.entitlements";
				CODE_SIGN_STYLE = Automatic;
				COMBINE_HIDPI_IMAGES = YES;
				CURRENT_PROJECT_VERSION = 96;
				DEAD_CODE_STRIPPING = YES;
				GENERATE_INFOPLIST_FILE = NO;
				INFOPLIST_FILE = "CLI Pulse Bar/Info.plist";
				LD_RUNPATH_SEARCH_PATHS = (
					"$(inherited)",
					"@executable_path/../Frameworks",
				);
				MARKETING_VERSION = 1.43.0;
				PRODUCT_BUNDLE_IDENTIFIER = "yyh.CLI-Pulse";
				PRODUCT_NAME = "$(TARGET_NAME)";
				REGISTER_APP_GROUPS = YES;
				SWIFT_EMIT_LOC_STRINGS = YES;
				SWIFT_VERSION = 5.9;
			};
			name = Debug;
		};
		G10006 /* Release */ = {
			isa = XCBuildConfiguration;
			buildSettings = {
				ASSETCATALOG_COMPILER_APPICON_NAME = AppIcon;
				ASSETCATALOG_COMPILER_GLOBAL_ACCENT_COLOR_NAME = AccentColor;
				CODE_SIGN_ENTITLEMENTS = "CLI Pulse Bar/CLI_Pulse_Bar.entitlements";
				CODE_SIGN_STYLE = Automatic;
				COMBINE_HIDPI_IMAGES = YES;
				CURRENT_PROJECT_VERSION = 96;
				DEAD_CODE_STRIPPING = YES;
				GENERATE_INFOPLIST_FILE = NO;
				INFOPLIST_FILE = "CLI Pulse Bar/Info.plist";
				LD_RUNPATH_SEARCH_PATHS = (
					"$(inherited)",
					"@executable_path/../Frameworks",
				);
				MARKETING_VERSION = 1.43.0;
				PRODUCT_BUNDLE_IDENTIFIER = "yyh.CLI-Pulse";
				PRODUCT_NAME = "$(TARGET_NAME)";
				REGISTER_APP_GROUPS = YES;
				SWIFT_EMIT_LOC_STRINGS = YES;
				SWIFT_VERSION = 5.9;
			};
			name = Release;
		};
		G20001 /* Debug */ = {
			isa = XCBuildConfiguration;
			buildSettings = {
				ASSETCATALOG_COMPILER_APPICON_NAME = AppIcon;
				ASSETCATALOG_COMPILER_GLOBAL_ACCENT_COLOR_NAME = AccentColor;
				CODE_SIGN_ENTITLEMENTS = "CLI Pulse Bar iOS/CLI_Pulse_iOS.entitlements";
				CODE_SIGN_STYLE = Automatic;
				CURRENT_PROJECT_VERSION = 96;
				GENERATE_INFOPLIST_FILE = NO;
				INFOPLIST_FILE = "CLI Pulse Bar iOS/Info.plist";
				IPHONEOS_DEPLOYMENT_TARGET = 17.0;
				LD_RUNPATH_SEARCH_PATHS = (
					"$(inherited)",
					"@executable_path/Frameworks",
				);
				MARKETING_VERSION = 1.43.0;
				PRODUCT_BUNDLE_IDENTIFIER = "yyh.CLI-Pulse";
				PRODUCT_NAME = "CLI Pulse";
				SDKROOT = iphoneos;
				SUPPORTED_PLATFORMS = "iphoneos iphonesimulator";
				SUPPORTS_MACCATALYST = NO;
				SWIFT_EMIT_LOC_STRINGS = YES;
				SWIFT_VERSION = 5.9;
				TARGETED_DEVICE_FAMILY = "1,2";
			};
			name = Debug;
		};
		G20002 /* Release */ = {
			isa = XCBuildConfiguration;
			buildSettings = {
				ASSETCATALOG_COMPILER_APPICON_NAME = AppIcon;
				ASSETCATALOG_COMPILER_GLOBAL_ACCENT_COLOR_NAME = AccentColor;
				CODE_SIGN_ENTITLEMENTS = "CLI Pulse Bar iOS/CLI_Pulse_iOS.entitlements";
				CODE_SIGN_STYLE = Automatic;
				CURRENT_PROJECT_VERSION = 96;
				GENERATE_INFOPLIST_FILE = NO;
				INFOPLIST_FILE = "CLI Pulse Bar iOS/Info.plist";
				IPHONEOS_DEPLOYMENT_TARGET = 17.0;
				LD_RUNPATH_SEARCH_PATHS = (
					"$(inherited)",
					"@executable_path/Frameworks",
				);
				MARKETING_VERSION = 1.43.0;
				PRODUCT_BUNDLE_IDENTIFIER = "yyh.CLI-Pulse";
				PRODUCT_NAME = "CLI Pulse";
				SDKROOT = iphoneos;
				SUPPORTED_PLATFORMS = "iphoneos iphonesimulator";
				SUPPORTS_MACCATALYST = NO;
				SWIFT_EMIT_LOC_STRINGS = YES;
				SWIFT_VERSION = 5.9;
				TARGETED_DEVICE_FAMILY = "1,2";
				VALIDATE_PRODUCT = YES;
			};
			name = Release;
		};
		G30001 /* Debug */ = {
			isa = XCBuildConfiguration;
			buildSettings = {
				ASSETCATALOG_COMPILER_APPICON_NAME = AppIcon;
				ASSETCATALOG_COMPILER_GLOBAL_ACCENT_COLOR_NAME = AccentColor;
				CODE_SIGN_ENTITLEMENTS = "CLI Pulse Bar Watch/CLI_Pulse_Watch.entitlements";
				CODE_SIGN_STYLE = Automatic;
				CURRENT_PROJECT_VERSION = 96;
				GENERATE_INFOPLIST_FILE = NO;
				INFOPLIST_FILE = "CLI Pulse Bar Watch/Info.plist";
				LD_RUNPATH_SEARCH_PATHS = (
					"$(inherited)",
					"@executable_path/Frameworks",
				);
				MARKETING_VERSION = 1.43.0;
				PRODUCT_BUNDLE_IDENTIFIER = "yyh.CLI-Pulse.watchkitapp";
				PRODUCT_NAME = "CLI Pulse Watch";
				SDKROOT = watchos;
				SKIP_INSTALL = YES;
				SUPPORTED_PLATFORMS = "watchos watchsimulator";
				SWIFT_EMIT_LOC_STRINGS = YES;
				SWIFT_VERSION = 5.9;
				TARGETED_DEVICE_FAMILY = 4;
				WATCHOS_DEPLOYMENT_TARGET = 10.0;
			};
			name = Debug;
		};
		G30002 /* Release */ = {
			isa = XCBuildConfiguration;
			buildSettings = {
				ASSETCATALOG_COMPILER_APPICON_NAME = AppIcon;
				ASSETCATALOG_COMPILER_GLOBAL_ACCENT_COLOR_NAME = AccentColor;
				CODE_SIGN_ENTITLEMENTS = "CLI Pulse Bar Watch/CLI_Pulse_Watch.entitlements";
				CODE_SIGN_STYLE = Automatic;
				CURRENT_PROJECT_VERSION = 96;
				GENERATE_INFOPLIST_FILE = NO;
				INFOPLIST_FILE = "CLI Pulse Bar Watch/Info.plist";
				LD_RUNPATH_SEARCH_PATHS = (
					"$(inherited)",
					"@executable_path/Frameworks",
				);
				MARKETING_VERSION = 1.43.0;
				PRODUCT_BUNDLE_IDENTIFIER = "yyh.CLI-Pulse.watchkitapp";
				PRODUCT_NAME = "CLI Pulse Watch";
				SDKROOT = watchos;
				SKIP_INSTALL = YES;
				SUPPORTED_PLATFORMS = "watchos watchsimulator";
				SWIFT_EMIT_LOC_STRINGS = YES;
				SWIFT_VERSION = 5.9;
				TARGETED_DEVICE_FAMILY = 4;
				VALIDATE_PRODUCT = YES;
				WATCHOS_DEPLOYMENT_TARGET = 10.0;
			};
			name = Release;
		};
		G40001 /* Debug */ = {
			isa = XCBuildConfiguration;
			buildSettings = {
				ASSETCATALOG_COMPILER_GLOBAL_ACCENT_COLOR_NAME = AccentColor;
				ASSETCATALOG_COMPILER_WIDGET_BACKGROUND_COLOR_NAME = WidgetBackground;
				CODE_SIGN_ENTITLEMENTS = "CLI Pulse Widgets/CLI_Pulse_Widgets.entitlements";
				CODE_SIGN_STYLE = Automatic;
				CURRENT_PROJECT_VERSION = 96;
				GENERATE_INFOPLIST_FILE = NO;
				INFOPLIST_FILE = "CLI Pulse Widgets/Info.plist";
				IPHONEOS_DEPLOYMENT_TARGET = 17.0;
				LD_RUNPATH_SEARCH_PATHS = (
					"$(inherited)",
					"@executable_path/Frameworks",
					"@executable_path/../../Frameworks",
				);
				MARKETING_VERSION = 1.43.0;
				PRODUCT_BUNDLE_IDENTIFIER = "yyh.CLI-Pulse.widgets";
				PRODUCT_NAME = "$(TARGET_NAME)";
				SDKROOT = iphoneos;
				SKIP_INSTALL = YES;
				SUPPORTED_PLATFORMS = "iphoneos iphonesimulator";
				SWIFT_EMIT_LOC_STRINGS = YES;
				SWIFT_VERSION = 5.9;
				TARGETED_DEVICE_FAMILY = "1,2";
			};
			name = Debug;
		};
		G40002 /* Release */ = {
			isa = XCBuildConfiguration;
			buildSettings = {
				ASSETCATALOG_COMPILER_GLOBAL_ACCENT_COLOR_NAME = AccentColor;
				ASSETCATALOG_COMPILER_WIDGET_BACKGROUND_COLOR_NAME = WidgetBackground;
				CODE_SIGN_ENTITLEMENTS = "CLI Pulse Widgets/CLI_Pulse_Widgets.entitlements";
				CODE_SIGN_STYLE = Automatic;
				CURRENT_PROJECT_VERSION = 96;
				GENERATE_INFOPLIST_FILE = NO;
				INFOPLIST_FILE = "CLI Pulse Widgets/Info.plist";
				IPHONEOS_DEPLOYMENT_TARGET = 17.0;
				LD_RUNPATH_SEARCH_PATHS = (
					"$(inherited)",
					"@executable_path/Frameworks",
					"@executable_path/../../Frameworks",
				);
				MARKETING_VERSION = 1.43.0;
				PRODUCT_BUNDLE_IDENTIFIER = "yyh.CLI-Pulse.widgets";
				PRODUCT_NAME = "$(TARGET_NAME)";
				SDKROOT = iphoneos;
				SKIP_INSTALL = YES;
				SUPPORTED_PLATFORMS = "iphoneos iphonesimulator";
				SWIFT_EMIT_LOC_STRINGS = YES;
				SWIFT_VERSION = 5.9;
				TARGETED_DEVICE_FAMILY = "1,2";
				VALIDATE_PRODUCT = YES;
			};
			name = Release;
		};
		G60001 /* Debug */ = {
			isa = XCBuildConfiguration;
			buildSettings = {
				CODE_SIGN_ENTITLEMENTS = CLIPulseHelper/CLIPulseHelper.entitlements;
				CODE_SIGN_STYLE = Automatic;
				COMBINE_HIDPI_IMAGES = YES;
				CURRENT_PROJECT_VERSION = 96;
				DEAD_CODE_STRIPPING = YES;
				ENABLE_APP_SANDBOX = YES;
				GENERATE_INFOPLIST_FILE = NO;
				INFOPLIST_FILE = CLIPulseHelper/Info.plist;
				LD_RUNPATH_SEARCH_PATHS = (
					"$(inherited)",
					"@executable_path/../Frameworks",
				);
				MARKETING_VERSION = 1.43.0;
				PRODUCT_BUNDLE_IDENTIFIER = "yyh.CLI-Pulse.helper";
				PRODUCT_NAME = "$(TARGET_NAME)";
				REGISTER_APP_GROUPS = YES;
				SKIP_INSTALL = YES;
				SWIFT_EMIT_LOC_STRINGS = YES;
				SWIFT_VERSION = 5.9;
			};
			name = Debug;
		};
		G60002 /* Release */ = {
			isa = XCBuildConfiguration;
			buildSettings = {
				CODE_SIGN_ENTITLEMENTS = CLIPulseHelper/CLIPulseHelper.entitlements;
				CODE_SIGN_STYLE = Automatic;
				COMBINE_HIDPI_IMAGES = YES;
				CURRENT_PROJECT_VERSION = 96;
				DEAD_CODE_STRIPPING = YES;
				ENABLE_APP_SANDBOX = YES;
				GENERATE_INFOPLIST_FILE = NO;
				INFOPLIST_FILE = CLIPulseHelper/Info.plist;
				LD_RUNPATH_SEARCH_PATHS = (
					"$(inherited)",
					"@executable_path/../Frameworks",
				);
				MARKETING_VERSION = 1.43.0;
				PRODUCT_BUNDLE_IDENTIFIER = "yyh.CLI-Pulse.helper";
				PRODUCT_NAME = "$(TARGET_NAME)";
				REGISTER_APP_GROUPS = YES;
				SKIP_INSTALL = YES;
				SWIFT_EMIT_LOC_STRINGS = YES;
				SWIFT_VERSION = 5.9;
			};
			name = Release;
		};
/* End XCBuildConfiguration section */

/* Begin XCConfigurationList section */
		G10001 /* Build configuration list for PBXProject "CLI Pulse Bar" */ = {
			isa = XCConfigurationList;
			buildConfigurations = (
				G10002 /* Debug */,
				G10004 /* Release */,
			);
			defaultConfigurationIsVisible = 0;
			defaultConfigurationName = Release;
		};
		G10003 /* Build configuration list for PBXNativeTarget "CLI Pulse Bar" */ = {
			isa = XCConfigurationList;
			buildConfigurations = (
				G10005 /* Debug */,
				G10006 /* Release */,
			);
			defaultConfigurationIsVisible = 0;
			defaultConfigurationName = Release;
		};
		G20003 /* Build configuration list for PBXNativeTarget "CLI Pulse iOS" */ = {
			isa = XCConfigurationList;
			buildConfigurations = (
				G20001 /* Debug */,
				G20002 /* Release */,
			);
			defaultConfigurationIsVisible = 0;
			defaultConfigurationName = Release;
		};
		G30003 /* Build configuration list for PBXNativeTarget "CLI Pulse Watch" */ = {
			isa = XCConfigurationList;
			buildConfigurations = (
				G30001 /* Debug */,
				G30002 /* Release */,
			);
			defaultConfigurationIsVisible = 0;
			defaultConfigurationName = Release;
		};
		G40003 /* Build configuration list for PBXNativeTarget "CLI Pulse Widgets" */ = {
			isa = XCConfigurationList;
			buildConfigurations = (
				G40001 /* Debug */,
				G40002 /* Release */,
			);
			defaultConfigurationIsVisible = 0;
			defaultConfigurationName = Release;
		};
		G60003 /* Build configuration list for PBXNativeTarget "CLIPulseHelper" */ = {
			isa = XCConfigurationList;
			buildConfigurations = (
				G60001 /* Debug */,
				G60002 /* Release */,
			);
			defaultConfigurationIsVisible = 0;
			defaultConfigurationName = Release;
		};
/* End XCConfigurationList section */

/* Begin XCLocalSwiftPackageReference section */
		PKG00001 /* XCLocalSwiftPackageReference "CLIPulseCore" */ = {
			isa = XCLocalSwiftPackageReference;
			relativePath = CLIPulseCore;
		};
/* End XCLocalSwiftPackageReference section */

/* Begin XCSwiftPackageProductDependency section */
		PKG00002 /* CLIPulseCore */ = {
			isa = XCSwiftPackageProductDependency;
			productName = CLIPulseCore;
		};
		PKG00003 /* CLIPulseCore */ = {
			isa = XCSwiftPackageProductDependency;
			productName = CLIPulseCore;
		};
		PKG00006 /* CLIPulseCore */ = {
			isa = XCSwiftPackageProductDependency;
			productName = CLIPulseCore;
		};
		PKG00009 /* CLIPulseCore */ = {
			isa = XCSwiftPackageProductDependency;
			productName = CLIPulseCore;
		};
/* End XCSwiftPackageProductDependency section */
	};
	rootObject = H10001 /* Project object */;
}
